
Microsoft Visual Studio Solution File, Format Version 12.00
# Visual Studio Version 16
VisualStudioVersion = 16.0.28729.10
MinimumVisualStudioVersion = 10.0.40219.1
Project("{9A19103F-16F7-4668-BE54-9A1E7A4F7556}") = "AspNetCoreDemo", "AspNetCoreDemo\AspNetCoreDemo.csproj", "{52EC0190-5F56-40E9-9E09-D8B2731F0E3A}"
EndProject
Project("{9A19103F-16F7-4668-BE54-9A1E7A4F7556}") = "AspNetCoreDemo.Dtos", "AspNetCoreDemo.Dtos\AspNetCoreDemo.Dtos.csproj", "{8E11D90D-25E5-4D41-8CD5-C95C3314FC86}"
EndProject
Project("{9A19103F-16F7-4668-BE54-9A1E7A4F7556}") = "AspNetCoreDemo.Framework", "AspNetCoreDemo.Framework\AspNetCoreDemo.Framework.csproj", "{2E314CEE-83D4-4A2E-B6C3-7E7CBDF2EBCC}"
EndProject
Project("{2150E333-8FDC-42A3-9474-1A3956D46DE8}") = "Test", "Test", "{D12E798B-30C3-4BA6-A3F9-AD325EDD978F}"
EndProject
Project("{FAE04EC0-301F-11D3-BF4B-00C04F79EFBC}") = "AspNetCoreDemo.Tests", "AspNetCoreDemo.Tests\AspNetCoreDemo.Tests.csproj", "{0F37FD9A-EE6D-4333-9A03-DDFD7CD36D91}"
EndProject
Global
	GlobalSection(SolutionConfigurationPlatforms) = preSolution
		Debug|Any CPU = Debug|Any CPU
		Release|Any CPU = Release|Any CPU
	EndGlobalSection
	GlobalSection(ProjectConfigurationPlatforms) = postSolution
		{52EC0190-5F56-40E9-9E09-D8B2731F0E3A}.Debug|Any CPU.ActiveCfg = Debug|Any CPU
		{52EC0190-5F56-40E9-9E09-D8B2731F0E3A}.Debug|Any CPU.Build.0 = Debug|Any CPU
		{52EC0190-5F56-40E9-9E09-D8B2731F0E3A}.Release|Any CPU.ActiveCfg = Release|Any CPU
		{52EC0190-5F56-40E9-9E09-D8B2731F0E3A}.Release|Any CPU.Build.0 = Release|Any CPU
		{8E11D90D-25E5-4D41-8CD5-C95C3314FC86}.Debug|Any CPU.ActiveCfg = Debug|Any CPU
		{8E11D90D-25E5-4D41-8CD5-C95C3314FC86}.Debug|Any CPU.Build.0 = Debug|Any CPU
		{8E11D90D-25E5-4D41-8CD5-C95C3314FC86}.Release|Any CPU.ActiveCfg = Release|Any CPU
		{8E11D90D-25E5-4D41-8CD5-C95C3314FC86}.Release|Any CPU.Build.0 = Release|Any CPU
		{2E314CEE-83D4-4A2E-B6C3-7E7CBDF2EBCC}.Debug|Any CPU.ActiveCfg = Debug|Any CPU
		{2E314CEE-83D4-4A2E-B6C3-7E7CBDF2EBCC}.Debug|Any CPU.Build.0 = Debug|Any CPU
		{2E314CEE-83D4-4A2E-B6C3-7E7CBDF2EBCC}.Release|Any CPU.ActiveCfg = Release|Any CPU
		{2E314CEE-83D4-4A2E-B6C3-7E7CBDF2EBCC}.Release|Any CPU.Build.0 = Release|Any CPU
		{0F37FD9A-EE6D-4333-9A03-DDFD7CD36D91}.Debug|Any CPU.ActiveCfg = Debug|Any CPU
		{0F37FD9A-EE6D-4333-9A03-DDFD7CD36D91}.Debug|Any CPU.Build.0 = Debug|Any CPU
		{0F37FD9A-EE6D-4333-9A03-DDFD7CD36D91}.Release|Any CPU.ActiveCfg = Release|Any CPU
		{0F37FD9A-EE6D-4333-9A03-DDFD7CD36D91}.Release|Any CPU.Build.0 = Release|Any CPU
	EndGlobalSection
	GlobalSection(SolutionProperties) = preSolution
		HideSolutionNode = FALSE
	EndGlobalSection
	GlobalSection(NestedProjects) = preSolution
		{0F37FD9A-EE6D-4333-9A03-DDFD7CD36D91} = {D12E798B-30C3-4BA6-A3F9-AD325EDD978F}
	EndGlobalSection
	GlobalSection(ExtensibilityGlobals) = postSolution
		SolutionGuid = {38849AD6-08AB-4772-813D-C84643B000D4}
	EndGlobalSection
EndGlobal
